
Microsoft Visual Studio Solution File, Format Version 12.00
# Visual Studio 15
VisualStudioVersion = 15.0.28010.2036
MinimumVisualStudioVersion = 10.0.40219.1
Project("{FAE04EC0-301F-11D3-BF4B-00C04F79EFBC}") = "TerbilangApp", "TerbilangApp\TerbilangApp.csproj", "{926338F8-562A-4B1A-B28C-F29A55227974}"
EndProject
Project("{FAE04EC0-301F-11D3-BF4B-00C04F79EFBC}") = "TerbilangLibrary", "TerbilangLibrary\TerbilangLibrary.csproj", "{4CBF768D-E015-4D10-93FB-81A9559EF8BD}"
EndProject
Global
	GlobalSection(SolutionConfigurationPlatforms) = preSolution
		Debug|Any CPU = Debug|Any CPU
		Release|Any CPU = Release|Any CPU
	EndGlobalSection
	GlobalSection(ProjectConfigurationPlatforms) = postSolution
		{926338F8-562A-4B1A-B28C-F29A55227974}.Debug|Any CPU.ActiveCfg = Debug|Any CPU
		{926338F8-562A-4B1A-B28C-F29A55227974}.Debug|Any CPU.Build.0 = Debug|Any CPU
		{926338F8-562A-4B1A-B28C-F29A55227974}.Release|Any CPU.ActiveCfg = Release|Any CPU
		{926338F8-562A-4B1A-B28C-F29A55227974}.Release|Any CPU.Build.0 = Release|Any CPU
		{4CBF768D-E015-4D10-93FB-81A9559EF8BD}.Debug|Any CPU.ActiveCfg = Debug|Any CPU
		{4CBF768D-E015-4D10-93FB-81A9559EF8BD}.Debug|Any CPU.Build.0 = Debug|Any CPU
		{4CBF768D-E015-4D10-93FB-81A9559EF8BD}.Release|Any CPU.ActiveCfg = Release|Any CPU
		{4CBF768D-E015-4D10-93FB-81A9559EF8BD}.Release|Any CPU.Build.0 = Release|Any CPU
	EndGlobalSection
	GlobalSection(SolutionProperties) = preSolution
		HideSolutionNode = FALSE
	EndGlobalSection
	GlobalSection(ExtensibilityGlobals) = postSolution
		SolutionGuid = {765CE4C5-262C-4230-ADBD-842DC87E047F}
	EndGlobalSection
EndGlobal
